{
  "name": "cookinity",
  "version": "1.0.0",
  "lockfileVersion": 1,
  "requires": true,
  "dependencies": {
    "mongoose-aggregate-paginate-v2": {
      "version": "1.0.42",
      "resolved": "https://registry.npmjs.org/mongoose-aggregate-paginate-v2/-/mongoose-aggregate-paginate-v2-1.0.42.tgz",
      "integrity": "sha512-SOXrztB5DRjwimmxUtg0mVS/IzJEZlWOZ6veU5U1ia0BH7VfCIw+KCvdaiCXXlVAPL75PXroXh0lDcpuxfUVWw=="
    }
  }
}
